
Microsoft Visual Studio Solution File, Format Version 12.00
# Visual Studio 2013
VisualStudioVersion = 12.0.21005.1
MinimumVisualStudioVersion = 10.0.40219.1
Project("{FAE04EC0-301F-11D3-BF4B-00C04F79EFBC}") = "MathCadConsole", "MathCadConsole\MathCadConsole.csproj", "{F6B164E4-6962-43F9-BBC1-B08DC4CD98FA}"
EndProject
Project("{FAE04EC0-301F-11D3-BF4B-00C04F79EFBC}") = "MathLibrary", "MathLibrary\MathLibrary.csproj", "{7A11F297-AD4E-4FCE-BEB1-39B4B2274846}"
EndProject
Global
	GlobalSection(SolutionConfigurationPlatforms) = preSolution
		Debug|Any CPU = Debug|Any CPU
		Release|Any CPU = Release|Any CPU
	EndGlobalSection
	GlobalSection(ProjectConfigurationPlatforms) = postSolution
		{F6B164E4-6962-43F9-BBC1-B08DC4CD98FA}.Debug|Any CPU.ActiveCfg = Debug|Any CPU
		{F6B164E4-6962-43F9-BBC1-B08DC4CD98FA}.Debug|Any CPU.Build.0 = Debug|Any CPU
		{F6B164E4-6962-43F9-BBC1-B08DC4CD98FA}.Release|Any CPU.ActiveCfg = Release|Any CPU
		{F6B164E4-6962-43F9-BBC1-B08DC4CD98FA}.Release|Any CPU.Build.0 = Release|Any CPU
		{7A11F297-AD4E-4FCE-BEB1-39B4B2274846}.Debug|Any CPU.ActiveCfg = Debug|Any CPU
		{7A11F297-AD4E-4FCE-BEB1-39B4B2274846}.Debug|Any CPU.Build.0 = Debug|Any CPU
		{7A11F297-AD4E-4FCE-BEB1-39B4B2274846}.Release|Any CPU.ActiveCfg = Release|Any CPU
		{7A11F297-AD4E-4FCE-BEB1-39B4B2274846}.Release|Any CPU.Build.0 = Release|Any CPU
	EndGlobalSection
	GlobalSection(SolutionProperties) = preSolution
		HideSolutionNode = FALSE
	EndGlobalSection
EndGlobal
